
Microsoft Visual Studio Solution File, Format Version 12.00
# Visual Studio 15
VisualStudioVersion = 15.0.28307.1231
MinimumVisualStudioVersion = 10.0.40219.1
Project("{FAE04EC0-301F-11D3-BF4B-00C04F79EFBC}") = "PassengerTraffix", "PassengerTraffix.csproj", "{960C997C-1FAD-4CAB-A6B5-C57ECEDD74E2}"
EndProject
Global
	GlobalSection(SolutionConfigurationPlatforms) = preSolution
		Debug|Any CPU = Debug|Any CPU
		Debug|x64 = Debug|x64
		Release|Any CPU = Release|Any CPU
		Release|x64 = Release|x64
	EndGlobalSection
	GlobalSection(ProjectConfigurationPlatforms) = postSolution
		{960C997C-1FAD-4CAB-A6B5-C57ECEDD74E2}.Debug|Any CPU.ActiveCfg = Debug|Any CPU
		{960C997C-1FAD-4CAB-A6B5-C57ECEDD74E2}.Debug|Any CPU.Build.0 = Debug|Any CPU
		{960C997C-1FAD-4CAB-A6B5-C57ECEDD74E2}.Debug|x64.ActiveCfg = Debug|x64
		{960C997C-1FAD-4CAB-A6B5-C57ECEDD74E2}.Debug|x64.Build.0 = Debug|x64
		{960C997C-1FAD-4CAB-A6B5-C57ECEDD74E2}.Release|Any CPU.ActiveCfg = Release|Any CPU
		{960C997C-1FAD-4CAB-A6B5-C57ECEDD74E2}.Release|Any CPU.Build.0 = Release|Any CPU
		{960C997C-1FAD-4CAB-A6B5-C57ECEDD74E2}.Release|x64.ActiveCfg = Release|x64
		{960C997C-1FAD-4CAB-A6B5-C57ECEDD74E2}.Release|x64.Build.0 = Release|x64
	EndGlobalSection
	GlobalSection(SolutionProperties) = preSolution
		HideSolutionNode = FALSE
	EndGlobalSection
	GlobalSection(ExtensibilityGlobals) = postSolution
		SolutionGuid = {A4A991FF-8573-4E52-BFC6-87ABB5B4F127}
	EndGlobalSection
EndGlobal
